// !$*UTF8*$!
{
	archiveVersion = 1;
	classes = {
	};
	objectVersion = 56;
	objects = {

/* Begin PBXBuildFile section */
		940331732A336B5100200C5D /* DeferredRendering.swift in Sources */ = {isa = PBXBuildFile; fileRef = 940331722A336B5100200C5D /* DeferredRendering.swift */; };
		941E18FA2A35362600A2EA98 /* Info.swift in Sources */ = {isa = PBXBuildFile; fileRef = 941E18F92A35362600A2EA98 /* Info.swift */; };
		945F17B02A33D167004FC479 /* ThumbnailImage.swift in Sources */ = {isa = PBXBuildFile; fileRef = 945F17AF2A33D167004FC479 /* ThumbnailImage.swift */; };
		945F17B22A33D69B004FC479 /* FavoriteOverlay.swift in Sources */ = {isa = PBXBuildFile; fileRef = 945F17B12A33D69B004FC479 /* FavoriteOverlay.swift */; };
		945F17B42A33D726004FC479 /* ReviewStateIcon.swift in Sources */ = {isa = PBXBuildFile; fileRef = 945F17B32A33D726004FC479 /* ReviewStateIcon.swift */; };
		945F17B62A33D7AA004FC479 /* ReviewStateBorder.swift in Sources */ = {isa = PBXBuildFile; fileRef = 945F17B52A33D7AA004FC479 /* ReviewStateBorder.swift */; };
		945F17B82A33DAC7004FC479 /* ReviewStateSaturation.swift in Sources */ = {isa = PBXBuildFile; fileRef = 945F17B72A33DAC7004FC479 /* ReviewStateSaturation.swift */; };
		94A0835E2A33E49E00238964 /* FocusedImage.swift in Sources */ = {isa = PBXBuildFile; fileRef = 94A0835D2A33E49E00238964 /* FocusedImage.swift */; };
		94A083612A33E98000238964 /* AlbumInfoOverlay.swift in Sources */ = {isa = PBXBuildFile; fileRef = 94A083602A33E98000238964 /* AlbumInfoOverlay.swift */; };
		94A083632A33F30300238964 /* LoadingIndicatorOverlay.swift in Sources */ = {isa = PBXBuildFile; fileRef = 94A083622A33F30300238964 /* LoadingIndicatorOverlay.swift */; };
		94A083662A33F50900238964 /* Debug.swift in Sources */ = {isa = PBXBuildFile; fileRef = 94A083652A33F50900238964 /* Debug.swift */; };
		94A083682A33F6E900238964 /* ThumbnailList.swift in Sources */ = {isa = PBXBuildFile; fileRef = 94A083672A33F6E900238964 /* ThumbnailList.swift */; };
		94C5FFF22A33ADD4004ADDF5 /* PHFetchResultCollection.swift in Sources */ = {isa = PBXBuildFile; fileRef = 94C5FFF12A33ADD4004ADDF5 /* PHFetchResultCollection.swift */; };
		94C5FFF62A33B698004ADDF5 /* PHAssetHStack.swift in Sources */ = {isa = PBXBuildFile; fileRef = 94C5FFF52A33B698004ADDF5 /* PHAssetHStack.swift */; };
		94D2C8B92A320E6F00BEE15B /* ReviewState.swift in Sources */ = {isa = PBXBuildFile; fileRef = 94D2C8B82A320E6F00BEE15B /* ReviewState.swift */; };
		94D2C8BD2A32796500BEE15B /* AlbumHelpers.swift in Sources */ = {isa = PBXBuildFile; fileRef = 94D2C8BC2A32796500BEE15B /* AlbumHelpers.swift */; };
		94D2C8BF2A3299BD00BEE15B /* PhotosLibrary.swift in Sources */ = {isa = PBXBuildFile; fileRef = 94D2C8BE2A3299BD00BEE15B /* PhotosLibrary.swift */; };
		94D2C8C12A32FCE300BEE15B /* PHAssetImage.swift in Sources */ = {isa = PBXBuildFile; fileRef = 94D2C8C02A32FCE300BEE15B /* PHAssetImage.swift */; };
		94D750F02A31A796005859E7 /* BlinkApp.swift in Sources */ = {isa = PBXBuildFile; fileRef = 94D750EF2A31A796005859E7 /* BlinkApp.swift */; };
		94D750F42A31A797005859E7 /* Assets.xcassets in Resources */ = {isa = PBXBuildFile; fileRef = 94D750F32A31A797005859E7 /* Assets.xcassets */; };
		94D750F72A31A797005859E7 /* Preview Assets.xcassets in Resources */ = {isa = PBXBuildFile; fileRef = 94D750F62A31A797005859E7 /* Preview Assets.xcassets */; };
		94D751022A31A798005859E7 /* BlinkTests.swift in Sources */ = {isa = PBXBuildFile; fileRef = 94D751012A31A798005859E7 /* BlinkTests.swift */; };
		94D7510C2A31A798005859E7 /* BlinkUITests.swift in Sources */ = {isa = PBXBuildFile; fileRef = 94D7510B2A31A798005859E7 /* BlinkUITests.swift */; };
		94D7510E2A31A798005859E7 /* BlinkUITestsLaunchTests.swift in Sources */ = {isa = PBXBuildFile; fileRef = 94D7510D2A31A798005859E7 /* BlinkUITestsLaunchTests.swift */; };
		94D751222A31BD8E005859E7 /* PhotoReviewer.swift in Sources */ = {isa = PBXBuildFile; fileRef = 94D751212A31BD8E005859E7 /* PhotoReviewer.swift */; };
		94D7512B2A31D6AC005859E7 /* AssetHelpers.swift in Sources */ = {isa = PBXBuildFile; fileRef = 94D7512A2A31D6AC005859E7 /* AssetHelpers.swift */; };
		94F7E39E2A331A9E00763DB9 /* Statistics.swift in Sources */ = {isa = PBXBuildFile; fileRef = 94F7E39D2A331A9E00763DB9 /* Statistics.swift */; };
		94FCD4F42A3A62A800D884A1 /* OrderedCollections in Frameworks */ = {isa = PBXBuildFile; productRef = 94FCD4F32A3A62A800D884A1 /* OrderedCollections */; };
		94FCD4F62A3A64F800D884A1 /* LRUCache.swift in Sources */ = {isa = PBXBuildFile; fileRef = 94FCD4F52A3A64F800D884A1 /* LRUCache.swift */; };
/* End PBXBuildFile section */

/* Begin PBXContainerItemProxy section */
		94D750FE2A31A798005859E7 /* PBXContainerItemProxy */ = {
			isa = PBXContainerItemProxy;
			containerPortal = 94D750E42A31A796005859E7 /* Project object */;
			proxyType = 1;
			remoteGlobalIDString = 94D750EB2A31A796005859E7;
			remoteInfo = BlinkReviewer;
		};
		94D751082A31A798005859E7 /* PBXContainerItemProxy */ = {
			isa = PBXContainerItemProxy;
			containerPortal = 94D750E42A31A796005859E7 /* Project object */;
			proxyType = 1;
			remoteGlobalIDString = 94D750EB2A31A796005859E7;
			remoteInfo = BlinkReviewer;
		};
/* End PBXContainerItemProxy section */

/* Begin PBXFileReference section */
		940331722A336B5100200C5D /* DeferredRendering.swift */ = {isa = PBXFileReference; lastKnownFileType = sourcecode.swift; path = DeferredRendering.swift; sourceTree = "<group>"; };
		941E18F92A35362600A2EA98 /* Info.swift */ = {isa = PBXFileReference; lastKnownFileType = sourcecode.swift; path = Info.swift; sourceTree = "<group>"; };
		945F17AF2A33D167004FC479 /* ThumbnailImage.swift */ = {isa = PBXFileReference; lastKnownFileType = sourcecode.swift; path = ThumbnailImage.swift; sourceTree = "<group>"; };
		945F17B12A33D69B004FC479 /* FavoriteOverlay.swift */ = {isa = PBXFileReference; lastKnownFileType = sourcecode.swift; path = FavoriteOverlay.swift; sourceTree = "<group>"; };
		945F17B32A33D726004FC479 /* ReviewStateIcon.swift */ = {isa = PBXFileReference; lastKnownFileType = sourcecode.swift; path = ReviewStateIcon.swift; sourceTree = "<group>"; };
		945F17B52A33D7AA004FC479 /* ReviewStateBorder.swift */ = {isa = PBXFileReference; lastKnownFileType = sourcecode.swift; path = ReviewStateBorder.swift; sourceTree = "<group>"; };
		945F17B72A33DAC7004FC479 /* ReviewStateSaturation.swift */ = {isa = PBXFileReference; lastKnownFileType = sourcecode.swift; path = ReviewStateSaturation.swift; sourceTree = "<group>"; };
		94A0835D2A33E49E00238964 /* FocusedImage.swift */ = {isa = PBXFileReference; lastKnownFileType = sourcecode.swift; path = FocusedImage.swift; sourceTree = "<group>"; };
		94A083602A33E98000238964 /* AlbumInfoOverlay.swift */ = {isa = PBXFileReference; lastKnownFileType = sourcecode.swift; path = AlbumInfoOverlay.swift; sourceTree = "<group>"; };
		94A083622A33F30300238964 /* LoadingIndicatorOverlay.swift */ = {isa = PBXFileReference; lastKnownFileType = sourcecode.swift; path = LoadingIndicatorOverlay.swift; sourceTree = "<group>"; };
		94A083652A33F50900238964 /* Debug.swift */ = {isa = PBXFileReference; lastKnownFileType = sourcecode.swift; path = Debug.swift; sourceTree = "<group>"; };
		94A083672A33F6E900238964 /* ThumbnailList.swift */ = {isa = PBXFileReference; lastKnownFileType = sourcecode.swift; path = ThumbnailList.swift; sourceTree = "<group>"; };
		94C5FFF12A33ADD4004ADDF5 /* PHFetchResultCollection.swift */ = {isa = PBXFileReference; lastKnownFileType = sourcecode.swift; path = PHFetchResultCollection.swift; sourceTree = "<group>"; };
		94C5FFF52A33B698004ADDF5 /* PHAssetHStack.swift */ = {isa = PBXFileReference; lastKnownFileType = sourcecode.swift; path = PHAssetHStack.swift; sourceTree = "<group>"; };
		94D2C8B82A320E6F00BEE15B /* ReviewState.swift */ = {isa = PBXFileReference; lastKnownFileType = sourcecode.swift; path = ReviewState.swift; sourceTree = "<group>"; };
		94D2C8BC2A32796500BEE15B /* AlbumHelpers.swift */ = {isa = PBXFileReference; lastKnownFileType = sourcecode.swift; path = AlbumHelpers.swift; sourceTree = "<group>"; };
		94D2C8BE2A3299BD00BEE15B /* PhotosLibrary.swift */ = {isa = PBXFileReference; lastKnownFileType = sourcecode.swift; path = PhotosLibrary.swift; sourceTree = "<group>"; };
		94D2C8C02A32FCE300BEE15B /* PHAssetImage.swift */ = {isa = PBXFileReference; lastKnownFileType = sourcecode.swift; path = PHAssetImage.swift; sourceTree = "<group>"; };
		94D750EC2A31A796005859E7 /* Blink.app */ = {isa = PBXFileReference; explicitFileType = wrapper.application; includeInIndex = 0; path = Blink.app; sourceTree = BUILT_PRODUCTS_DIR; };
		94D750EF2A31A796005859E7 /* BlinkApp.swift */ = {isa = PBXFileReference; lastKnownFileType = sourcecode.swift; path = BlinkApp.swift; sourceTree = "<group>"; };
		94D750F32A31A797005859E7 /* Assets.xcassets */ = {isa = PBXFileReference; lastKnownFileType = folder.assetcatalog; path = Assets.xcassets; sourceTree = "<group>"; };
		94D750F62A31A797005859E7 /* Preview Assets.xcassets */ = {isa = PBXFileReference; lastKnownFileType = folder.assetcatalog; path = "Preview Assets.xcassets"; sourceTree = "<group>"; };
		94D750F82A31A797005859E7 /* Blink.entitlements */ = {isa = PBXFileReference; lastKnownFileType = text.plist.entitlements; path = Blink.entitlements; sourceTree = "<group>"; };
		94D750FD2A31A798005859E7 /* BlinkTests.xctest */ = {isa = PBXFileReference; explicitFileType = wrapper.cfbundle; includeInIndex = 0; path = BlinkTests.xctest; sourceTree = BUILT_PRODUCTS_DIR; };
		94D751012A31A798005859E7 /* BlinkTests.swift */ = {isa = PBXFileReference; lastKnownFileType = sourcecode.swift; path = BlinkTests.swift; sourceTree = "<group>"; };
		94D751072A31A798005859E7 /* BlinkUITests.xctest */ = {isa = PBXFileReference; explicitFileType = wrapper.cfbundle; includeInIndex = 0; path = BlinkUITests.xctest; sourceTree = BUILT_PRODUCTS_DIR; };
		94D7510B2A31A798005859E7 /* BlinkUITests.swift */ = {isa = PBXFileReference; lastKnownFileType = sourcecode.swift; path = BlinkUITests.swift; sourceTree = "<group>"; };
		94D7510D2A31A798005859E7 /* BlinkUITestsLaunchTests.swift */ = {isa = PBXFileReference; lastKnownFileType = sourcecode.swift; path = BlinkUITestsLaunchTests.swift; sourceTree = "<group>"; };
		94D751212A31BD8E005859E7 /* PhotoReviewer.swift */ = {isa = PBXFileReference; lastKnownFileType = sourcecode.swift; path = PhotoReviewer.swift; sourceTree = "<group>"; };
		94D7512A2A31D6AC005859E7 /* AssetHelpers.swift */ = {isa = PBXFileReference; lastKnownFileType = sourcecode.swift; path = AssetHelpers.swift; sourceTree = "<group>"; };
		94F7E39D2A331A9E00763DB9 /* Statistics.swift */ = {isa = PBXFileReference; lastKnownFileType = sourcecode.swift; path = Statistics.swift; sourceTree = "<group>"; };
		94FCD4F52A3A64F800D884A1 /* LRUCache.swift */ = {isa = PBXFileReference; lastKnownFileType = sourcecode.swift; path = LRUCache.swift; sourceTree = "<group>"; };
/* End PBXFileReference section */

/* Begin PBXFrameworksBuildPhase section */
		94D750E92A31A796005859E7 /* Frameworks */ = {
			isa = PBXFrameworksBuildPhase;
			buildActionMask = 2147483647;
			files = (
				94FCD4F42A3A62A800D884A1 /* OrderedCollections in Frameworks */,
			);
			runOnlyForDeploymentPostprocessing = 0;
		};
		94D750FA2A31A798005859E7 /* Frameworks */ = {
			isa = PBXFrameworksBuildPhase;
			buildActionMask = 2147483647;
			files = (
			);
			runOnlyForDeploymentPostprocessing = 0;
		};
		94D751042A31A798005859E7 /* Frameworks */ = {
			isa = PBXFrameworksBuildPhase;
			buildActionMask = 2147483647;
			files = (
			);
			runOnlyForDeploymentPostprocessing = 0;
		};
/* End PBXFrameworksBuildPhase section */

/* Begin PBXGroup section */
		940331742A336BEB00200C5D /* Helpers */ = {
			isa = PBXGroup;
			children = (
				940331722A336B5100200C5D /* DeferredRendering.swift */,
				94C5FFF52A33B698004ADDF5 /* PHAssetHStack.swift */,
			);
			path = Helpers;
			sourceTree = "<group>";
		};
		945F17AE2A33D15D004FC479 /* Thumbnails */ = {
			isa = PBXGroup;
			children = (
				945F17AF2A33D167004FC479 /* ThumbnailImage.swift */,
				945F17B12A33D69B004FC479 /* FavoriteOverlay.swift */,
				945F17B32A33D726004FC479 /* ReviewStateIcon.swift */,
				945F17B52A33D7AA004FC479 /* ReviewStateBorder.swift */,
				945F17B72A33DAC7004FC479 /* ReviewStateSaturation.swift */,
				94A083672A33F6E900238964 /* ThumbnailList.swift */,
			);
			path = Thumbnails;
			sourceTree = "<group>";
		};
		94A0835F2A33E7E900238964 /* FocusedImage */ = {
			isa = PBXGroup;
			children = (
				94A0835D2A33E49E00238964 /* FocusedImage.swift */,
				94A083602A33E98000238964 /* AlbumInfoOverlay.swift */,
				94A083622A33F30300238964 /* LoadingIndicatorOverlay.swift */,
			);
			path = FocusedImage;
			sourceTree = "<group>";
		};
		94A083642A33F48E00238964 /* Info */ = {
			isa = PBXGroup;
			children = (
				94F7E39D2A331A9E00763DB9 /* Statistics.swift */,
				94A083652A33F50900238964 /* Debug.swift */,
				941E18F92A35362600A2EA98 /* Info.swift */,
			);
			path = Info;
			sourceTree = "<group>";
		};
		94D2C8B72A320E6600BEE15B /* Model */ = {
			isa = PBXGroup;
			children = (
				94D2C8B82A320E6F00BEE15B /* ReviewState.swift */,
				94C5FFF12A33ADD4004ADDF5 /* PHFetchResultCollection.swift */,
				94FCD4F52A3A64F800D884A1 /* LRUCache.swift */,
			);
			path = Model;
			sourceTree = "<group>";
		};
		94D750E32A31A796005859E7 = {
			isa = PBXGroup;
			children = (
				94D750EE2A31A796005859E7 /* Blink */,
				94D751002A31A798005859E7 /* BlinkTests */,
				94D7510A2A31A798005859E7 /* BlinkUITests */,
				94D750ED2A31A796005859E7 /* Products */,
			);
			sourceTree = "<group>";
		};
		94D750ED2A31A796005859E7 /* Products */ = {
			isa = PBXGroup;
			children = (
				94D750EC2A31A796005859E7 /* Blink.app */,
				94D750FD2A31A798005859E7 /* BlinkTests.xctest */,
				94D751072A31A798005859E7 /* BlinkUITests.xctest */,
			);
			name = Products;
			sourceTree = "<group>";
		};
		94D750EE2A31A796005859E7 /* Blink */ = {
			isa = PBXGroup;
			children = (
				94D2C8B72A320E6600BEE15B /* Model */,
				94D751272A31D61D005859E7 /* Photos */,
				94D7511A2A31A7A6005859E7 /* Views */,
				94D750EF2A31A796005859E7 /* BlinkApp.swift */,
				94D750F32A31A797005859E7 /* Assets.xcassets */,
				94D750F82A31A797005859E7 /* Blink.entitlements */,
				94D750F52A31A797005859E7 /* Preview Content */,
			);
			path = Blink;
			sourceTree = "<group>";
		};
		94D750F52A31A797005859E7 /* Preview Content */ = {
			isa = PBXGroup;
			children = (
				94D750F62A31A797005859E7 /* Preview Assets.xcassets */,
			);
			path = "Preview Content";
			sourceTree = "<group>";
		};
		94D751002A31A798005859E7 /* BlinkTests */ = {
			isa = PBXGroup;
			children = (
				94D751012A31A798005859E7 /* BlinkTests.swift */,
			);
			path = BlinkTests;
			sourceTree = "<group>";
		};
		94D7510A2A31A798005859E7 /* BlinkUITests */ = {
			isa = PBXGroup;
			children = (
				94D7510B2A31A798005859E7 /* BlinkUITests.swift */,
				94D7510D2A31A798005859E7 /* BlinkUITestsLaunchTests.swift */,
			);
			path = BlinkUITests;
			sourceTree = "<group>";
		};
		94D7511A2A31A7A6005859E7 /* Views */ = {
			isa = PBXGroup;
			children = (
				94A083642A33F48E00238964 /* Info */,
				94A0835F2A33E7E900238964 /* FocusedImage */,
				945F17AE2A33D15D004FC479 /* Thumbnails */,
				940331742A336BEB00200C5D /* Helpers */,
				94D751212A31BD8E005859E7 /* PhotoReviewer.swift */,
				94D2C8C02A32FCE300BEE15B /* PHAssetImage.swift */,
			);
			path = Views;
			sourceTree = "<group>";
		};
		94D751272A31D61D005859E7 /* Photos */ = {
			isa = PBXGroup;
			children = (
				94D7512A2A31D6AC005859E7 /* AssetHelpers.swift */,
				94D2C8BC2A32796500BEE15B /* AlbumHelpers.swift */,
				94D2C8BE2A3299BD00BEE15B /* PhotosLibrary.swift */,
			);
			path = Photos;
			sourceTree = "<group>";
		};
/* End PBXGroup section */

/* Begin PBXNativeTarget section */
		94D750EB2A31A796005859E7 /* Blink */ = {
			isa = PBXNativeTarget;
			buildConfigurationList = 94D751112A31A798005859E7 /* Build configuration list for PBXNativeTarget "Blink" */;
			buildPhases = (
				94D750E82A31A796005859E7 /* Sources */,
				94D750E92A31A796005859E7 /* Frameworks */,
				94D750EA2A31A796005859E7 /* Resources */,
				94FCD4F72A3A6E4600D884A1 /* ShellScript */,
			);
			buildRules = (
			);
			dependencies = (
			);
			name = Blink;
			packageProductDependencies = (
				94FCD4F32A3A62A800D884A1 /* OrderedCollections */,
			);
			productName = BlinkReviewer;
			productReference = 94D750EC2A31A796005859E7 /* Blink.app */;
			productType = "com.apple.product-type.application";
		};
		94D750FC2A31A798005859E7 /* BlinkTests */ = {
			isa = PBXNativeTarget;
			buildConfigurationList = 94D751142A31A798005859E7 /* Build configuration list for PBXNativeTarget "BlinkTests" */;
			buildPhases = (
				94D750F92A31A798005859E7 /* Sources */,
				94D750FA2A31A798005859E7 /* Frameworks */,
				94D750FB2A31A798005859E7 /* Resources */,
			);
			buildRules = (
			);
			dependencies = (
				94D750FF2A31A798005859E7 /* PBXTargetDependency */,
			);
			name = BlinkTests;
			productName = BlinkReviewerTests;
			productReference = 94D750FD2A31A798005859E7 /* BlinkTests.xctest */;
			productType = "com.apple.product-type.bundle.unit-test";
		};
		94D751062A31A798005859E7 /* BlinkUITests */ = {
			isa = PBXNativeTarget;
			buildConfigurationList = 94D751172A31A798005859E7 /* Build configuration list for PBXNativeTarget "BlinkUITests" */;
			buildPhases = (
				94D751032A31A798005859E7 /* Sources */,
				94D751042A31A798005859E7 /* Frameworks */,
				94D751052A31A798005859E7 /* Resources */,
			);
			buildRules = (
			);
			dependencies = (
				94D751092A31A798005859E7 /* PBXTargetDependency */,
			);
			name = BlinkUITests;
			productName = BlinkReviewerUITests;
			productReference = 94D751072A31A798005859E7 /* BlinkUITests.xctest */;
			productType = "com.apple.product-type.bundle.ui-testing";
		};
/* End PBXNativeTarget section */

/* Begin PBXProject section */
		94D750E42A31A796005859E7 /* Project object */ = {
			isa = PBXProject;
			attributes = {
				BuildIndependentTargetsInParallel = 1;
				LastSwiftUpdateCheck = 1430;
				LastUpgradeCheck = 1430;
				TargetAttributes = {
					94D750EB2A31A796005859E7 = {
						CreatedOnToolsVersion = 14.3.1;
					};
					94D750FC2A31A798005859E7 = {
						CreatedOnToolsVersion = 14.3.1;
						TestTargetID = 94D750EB2A31A796005859E7;
					};
					94D751062A31A798005859E7 = {
						CreatedOnToolsVersion = 14.3.1;
						TestTargetID = 94D750EB2A31A796005859E7;
					};
				};
			};
			buildConfigurationList = 94D750E72A31A796005859E7 /* Build configuration list for PBXProject "Blink" */;
			compatibilityVersion = "Xcode 14.0";
			developmentRegion = en;
			hasScannedForEncodings = 0;
			knownRegions = (
				en,
				Base,
			);
			mainGroup = 94D750E32A31A796005859E7;
			packageReferences = (
				94FCD4F22A3A62A800D884A1 /* XCRemoteSwiftPackageReference "swift-collections" */,
			);
			productRefGroup = 94D750ED2A31A796005859E7 /* Products */;
			projectDirPath = "";
			projectRoot = "";
			targets = (
				94D750EB2A31A796005859E7 /* Blink */,
				94D750FC2A31A798005859E7 /* BlinkTests */,
				94D751062A31A798005859E7 /* BlinkUITests */,
			);
		};
/* End PBXProject section */

/* Begin PBXResourcesBuildPhase section */
		94D750EA2A31A796005859E7 /* Resources */ = {
			isa = PBXResourcesBuildPhase;
			buildActionMask = 2147483647;
			files = (
				94D750F72A31A797005859E7 /* Preview Assets.xcassets in Resources */,
				94D750F42A31A797005859E7 /* Assets.xcassets in Resources */,
			);
			runOnlyForDeploymentPostprocessing = 0;
		};
		94D750FB2A31A798005859E7 /* Resources */ = {
			isa = PBXResourcesBuildPhase;
			buildActionMask = 2147483647;
			files = (
			);
			runOnlyForDeploymentPostprocessing = 0;
		};
		94D751052A31A798005859E7 /* Resources */ = {
			isa = PBXResourcesBuildPhase;
			buildActionMask = 2147483647;
			files = (
			);
			runOnlyForDeploymentPostprocessing = 0;
		};
/* End PBXResourcesBuildPhase section */

/* Begin PBXShellScriptBuildPhase section */
		94FCD4F72A3A6E4600D884A1 /* ShellScript */ = {
			isa = PBXShellScriptBuildPhase;
			alwaysOutOfDate = 1;
			buildActionMask = 2147483647;
			files = (
			);
			inputFileListPaths = (
			);
			inputPaths = (
			);
			outputFileListPaths = (
			);
			outputPaths = (
			);
			runOnlyForDeploymentPostprocessing = 0;
			shellPath = /bin/sh;
			shellScript = "xcrun agvtool next-version -all\n";
		};
/* End PBXShellScriptBuildPhase section */

/* Begin PBXSourcesBuildPhase section */
		94D750E82A31A796005859E7 /* Sources */ = {
			isa = PBXSourcesBuildPhase;
			buildActionMask = 2147483647;
			files = (
				94D7512B2A31D6AC005859E7 /* AssetHelpers.swift in Sources */,
				94D2C8BD2A32796500BEE15B /* AlbumHelpers.swift in Sources */,
				945F17B02A33D167004FC479 /* ThumbnailImage.swift in Sources */,
				94D2C8BF2A3299BD00BEE15B /* PhotosLibrary.swift in Sources */,
				94C5FFF62A33B698004ADDF5 /* PHAssetHStack.swift in Sources */,
				945F17B22A33D69B004FC479 /* FavoriteOverlay.swift in Sources */,
				94A083632A33F30300238964 /* LoadingIndicatorOverlay.swift in Sources */,
				945F17B42A33D726004FC479 /* ReviewStateIcon.swift in Sources */,
				945F17B62A33D7AA004FC479 /* ReviewStateBorder.swift in Sources */,
				94A083612A33E98000238964 /* AlbumInfoOverlay.swift in Sources */,
				94C5FFF22A33ADD4004ADDF5 /* PHFetchResultCollection.swift in Sources */,
				94A083662A33F50900238964 /* Debug.swift in Sources */,
				94A083682A33F6E900238964 /* ThumbnailList.swift in Sources */,
				94D750F02A31A796005859E7 /* BlinkApp.swift in Sources */,
				940331732A336B5100200C5D /* DeferredRendering.swift in Sources */,
				94A0835E2A33E49E00238964 /* FocusedImage.swift in Sources */,
				945F17B82A33DAC7004FC479 /* ReviewStateSaturation.swift in Sources */,
				94D751222A31BD8E005859E7 /* PhotoReviewer.swift in Sources */,
				94D2C8B92A320E6F00BEE15B /* ReviewState.swift in Sources */,
				94FCD4F62A3A64F800D884A1 /* LRUCache.swift in Sources */,
				94F7E39E2A331A9E00763DB9 /* Statistics.swift in Sources */,
				94D2C8C12A32FCE300BEE15B /* PHAssetImage.swift in Sources */,
				941E18FA2A35362600A2EA98 /* Info.swift in Sources */,
			);
			runOnlyForDeploymentPostprocessing = 0;
		};
		94D750F92A31A798005859E7 /* Sources */ = {
			isa = PBXSourcesBuildPhase;
			buildActionMask = 2147483647;
			files = (
				94D751022A31A798005859E7 /* BlinkTests.swift in Sources */,
			);
			runOnlyForDeploymentPostprocessing = 0;
		};
		94D751032A31A798005859E7 /* Sources */ = {
			isa = PBXSourcesBuildPhase;
			buildActionMask = 2147483647;
			files = (
				94D7510E2A31A798005859E7 /* BlinkUITestsLaunchTests.swift in Sources */,
				94D7510C2A31A798005859E7 /* BlinkUITests.swift in Sources */,
			);
			runOnlyForDeploymentPostprocessing = 0;
		};
/* End PBXSourcesBuildPhase section */

/* Begin PBXTargetDependency section */
		94D750FF2A31A798005859E7 /* PBXTargetDependency */ = {
			isa = PBXTargetDependency;
			target = 94D750EB2A31A796005859E7 /* Blink */;
			targetProxy = 94D750FE2A31A798005859E7 /* PBXContainerItemProxy */;
		};
		94D751092A31A798005859E7 /* PBXTargetDependency */ = {
			isa = PBXTargetDependency;
			target = 94D750EB2A31A796005859E7 /* Blink */;
			targetProxy = 94D751082A31A798005859E7 /* PBXContainerItemProxy */;
		};
/* End PBXTargetDependency section */

/* Begin XCBuildConfiguration section */
		94D7510F2A31A798005859E7 /* Debug */ = {
			isa = XCBuildConfiguration;
			buildSettings = {
				ALWAYS_SEARCH_USER_PATHS = NO;
				CLANG_ANALYZER_NONNULL = YES;
				CLANG_ANALYZER_NUMBER_OBJECT_CONVERSION = YES_AGGRESSIVE;
				CLANG_CXX_LANGUAGE_STANDARD = "gnu++20";
				CLANG_ENABLE_MODULES = YES;
				CLANG_ENABLE_OBJC_ARC = YES;
				CLANG_ENABLE_OBJC_WEAK = YES;
				CLANG_WARN_BLOCK_CAPTURE_AUTORELEASING = YES;
				CLANG_WARN_BOOL_CONVERSION = YES;
				CLANG_WARN_COMMA = YES;
				CLANG_WARN_CONSTANT_CONVERSION = YES;
				CLANG_WARN_DEPRECATED_OBJC_IMPLEMENTATIONS = YES;
				CLANG_WARN_DIRECT_OBJC_ISA_USAGE = YES_ERROR;
				CLANG_WARN_DOCUMENTATION_COMMENTS = YES;
				CLANG_WARN_EMPTY_BODY = YES;
				CLANG_WARN_ENUM_CONVERSION = YES;
				CLANG_WARN_INFINITE_RECURSION = YES;
				CLANG_WARN_INT_CONVERSION = YES;
				CLANG_WARN_NON_LITERAL_NULL_CONVERSION = YES;
				CLANG_WARN_OBJC_IMPLICIT_RETAIN_SELF = YES;
				CLANG_WARN_OBJC_LITERAL_CONVERSION = YES;
				CLANG_WARN_OBJC_ROOT_CLASS = YES_ERROR;
				CLANG_WARN_QUOTED_INCLUDE_IN_FRAMEWORK_HEADER = YES;
				CLANG_WARN_RANGE_LOOP_ANALYSIS = YES;
				CLANG_WARN_STRICT_PROTOTYPES = YES;
				CLANG_WARN_SUSPICIOUS_MOVE = YES;
				CLANG_WARN_UNGUARDED_AVAILABILITY = YES_AGGRESSIVE;
				CLANG_WARN_UNREACHABLE_CODE = YES;
				CLANG_WARN__DUPLICATE_METHOD_MATCH = YES;
				COPY_PHASE_STRIP = NO;
				DEBUG_INFORMATION_FORMAT = dwarf;
				ENABLE_STRICT_OBJC_MSGSEND = YES;
				ENABLE_TESTABILITY = YES;
				GCC_C_LANGUAGE_STANDARD = gnu11;
				GCC_DYNAMIC_NO_PIC = NO;
				GCC_NO_COMMON_BLOCKS = YES;
				GCC_OPTIMIZATION_LEVEL = 0;
				GCC_PREPROCESSOR_DEFINITIONS = (
					"DEBUG=1",
					"$(inherited)",
				);
				GCC_WARN_64_TO_32_BIT_CONVERSION = YES;
				GCC_WARN_ABOUT_RETURN_TYPE = YES_ERROR;
				GCC_WARN_UNDECLARED_SELECTOR = YES;
				GCC_WARN_UNINITIALIZED_AUTOS = YES_AGGRESSIVE;
				GCC_WARN_UNUSED_FUNCTION = YES;
				GCC_WARN_UNUSED_VARIABLE = YES;
				MACOSX_DEPLOYMENT_TARGET = 13.3;
				MTL_ENABLE_DEBUG_INFO = INCLUDE_SOURCE;
				MTL_FAST_MATH = YES;
				ONLY_ACTIVE_ARCH = YES;
				SDKROOT = macosx;
				SWIFT_ACTIVE_COMPILATION_CONDITIONS = DEBUG;
				SWIFT_OPTIMIZATION_LEVEL = "-Onone";
			};
			name = Debug;
		};
		94D751102A31A798005859E7 /* Release */ = {
			isa = XCBuildConfiguration;
			buildSettings = {
				ALWAYS_SEARCH_USER_PATHS = NO;
				CLANG_ANALYZER_NONNULL = YES;
				CLANG_ANALYZER_NUMBER_OBJECT_CONVERSION = YES_AGGRESSIVE;
				CLANG_CXX_LANGUAGE_STANDARD = "gnu++20";
				CLANG_ENABLE_MODULES = YES;
				CLANG_ENABLE_OBJC_ARC = YES;
				CLANG_ENABLE_OBJC_WEAK = YES;
				CLANG_WARN_BLOCK_CAPTURE_AUTORELEASING = YES;
				CLANG_WARN_BOOL_CONVERSION = YES;
				CLANG_WARN_COMMA = YES;
				CLANG_WARN_CONSTANT_CONVERSION = YES;
				CLANG_WARN_DEPRECATED_OBJC_IMPLEMENTATIONS = YES;
				CLANG_WARN_DIRECT_OBJC_ISA_USAGE = YES_ERROR;
				CLANG_WARN_DOCUMENTATION_COMMENTS = YES;
				CLANG_WARN_EMPTY_BODY = YES;
				CLANG_WARN_ENUM_CONVERSION = YES;
				CLANG_WARN_INFINITE_RECURSION = YES;
				CLANG_WARN_INT_CONVERSION = YES;
				CLANG_WARN_NON_LITERAL_NULL_CONVERSION = YES;
				CLANG_WARN_OBJC_IMPLICIT_RETAIN_SELF = YES;
				CLANG_WARN_OBJC_LITERAL_CONVERSION = YES;
				CLANG_WARN_OBJC_ROOT_CLASS = YES_ERROR;
				CLANG_WARN_QUOTED_INCLUDE_IN_FRAMEWORK_HEADER = YES;
				CLANG_WARN_RANGE_LOOP_ANALYSIS = YES;
				CLANG_WARN_STRICT_PROTOTYPES = YES;
				CLANG_WARN_SUSPICIOUS_MOVE = YES;
				CLANG_WARN_UNGUARDED_AVAILABILITY = YES_AGGRESSIVE;
				CLANG_WARN_UNREACHABLE_CODE = YES;
				CLANG_WARN__DUPLICATE_METHOD_MATCH = YES;
				COPY_PHASE_STRIP = NO;
				DEBUG_INFORMATION_FORMAT = "dwarf-with-dsym";
				ENABLE_NS_ASSERTIONS = NO;
				ENABLE_STRICT_OBJC_MSGSEND = YES;
				GCC_C_LANGUAGE_STANDARD = gnu11;
				GCC_NO_COMMON_BLOCKS = YES;
				GCC_WARN_64_TO_32_BIT_CONVERSION = YES;
				GCC_WARN_ABOUT_RETURN_TYPE = YES_ERROR;
				GCC_WARN_UNDECLARED_SELECTOR = YES;
				GCC_WARN_UNINITIALIZED_AUTOS = YES_AGGRESSIVE;
				GCC_WARN_UNUSED_FUNCTION = YES;
				GCC_WARN_UNUSED_VARIABLE = YES;
				MACOSX_DEPLOYMENT_TARGET = 13.3;
				MTL_ENABLE_DEBUG_INFO = NO;
				MTL_FAST_MATH = YES;
				SDKROOT = macosx;
				SWIFT_COMPILATION_MODE = wholemodule;
				SWIFT_OPTIMIZATION_LEVEL = "-O";
			};
			name = Release;
		};
		94D751122A31A798005859E7 /* Debug */ = {
			isa = XCBuildConfiguration;
			buildSettings = {
				ASSETCATALOG_COMPILER_APPICON_NAME = AppIcon;
				ASSETCATALOG_COMPILER_GLOBAL_ACCENT_COLOR_NAME = AccentColor;
				CODE_SIGN_ENTITLEMENTS = Blink/Blink.entitlements;
				CODE_SIGN_STYLE = Automatic;
				COMBINE_HIDPI_IMAGES = YES;
				CURRENT_PROJECT_VERSION = 44;
				DEVELOPMENT_ASSET_PATHS = "\"Blink/Preview Content\"";
				ENABLE_PREVIEWS = YES;
				GENERATE_INFOPLIST_FILE = YES;
				INFOPLIST_KEY_NSHumanReadableCopyright = "Made by Alex Chan <alex@alexwlchan.net>";
				INFOPLIST_KEY_NSPhotoLibraryUsageDescription = "This app needs full Photo Library permissions.";
				LD_RUNPATH_SEARCH_PATHS = (
					"$(inherited)",
					"@executable_path/../Frameworks",
				);
				MARKETING_VERSION = 1.0;
				PRODUCT_BUNDLE_IDENTIFIER = net.alexwlchan.Blink;
				PRODUCT_NAME = "$(TARGET_NAME)";
				SWIFT_EMIT_LOC_STRINGS = YES;
				SWIFT_VERSION = 5.0;
				VERSIONING_SYSTEM = "apple-generic";
			};
			name = Debug;
		};
		94D751132A31A798005859E7 /* Release */ = {
			isa = XCBuildConfiguration;
			buildSettings = {
				ASSETCATALOG_COMPILER_APPICON_NAME = AppIcon;
				ASSETCATALOG_COMPILER_GLOBAL_ACCENT_COLOR_NAME = AccentColor;
				CODE_SIGN_ENTITLEMENTS = Blink/Blink.entitlements;
				CODE_SIGN_STYLE = Automatic;
				COMBINE_HIDPI_IMAGES = YES;
				CURRENT_PROJECT_VERSION = 44;
				DEVELOPMENT_ASSET_PATHS = "\"Blink/Preview Content\"";
				ENABLE_PREVIEWS = YES;
				GENERATE_INFOPLIST_FILE = YES;
				INFOPLIST_KEY_NSHumanReadableCopyright = "Made by Alex Chan <alex@alexwlchan.net>";
				INFOPLIST_KEY_NSPhotoLibraryUsageDescription = "This app needs full Photo Library permissions.";
				LD_RUNPATH_SEARCH_PATHS = (
					"$(inherited)",
					"@executable_path/../Frameworks",
				);
				MARKETING_VERSION = 1.0;
				PRODUCT_BUNDLE_IDENTIFIER = net.alexwlchan.Blink;
				PRODUCT_NAME = "$(TARGET_NAME)";
				SWIFT_EMIT_LOC_STRINGS = YES;
				SWIFT_VERSION = 5.0;
				VERSIONING_SYSTEM = "apple-generic";
			};
			name = Release;
		};
		94D751152A31A798005859E7 /* Debug */ = {
			isa = XCBuildConfiguration;
			buildSettings = {
				ALWAYS_EMBED_SWIFT_STANDARD_LIBRARIES = YES;
				BUNDLE_LOADER = "$(TEST_HOST)";
				CODE_SIGN_STYLE = Automatic;
				CURRENT_PROJECT_VERSION = 44;
				GENERATE_INFOPLIST_FILE = YES;
				MACOSX_DEPLOYMENT_TARGET = 13.3;
				MARKETING_VERSION = 1.0;
				PRODUCT_BUNDLE_IDENTIFIER = net.alexwlchan.BlinkReviewerTests;
				PRODUCT_NAME = "$(TARGET_NAME)";
				SWIFT_EMIT_LOC_STRINGS = NO;
				SWIFT_VERSION = 5.0;
				TEST_HOST = "$(BUILT_PRODUCTS_DIR)/BlinkReviewer.app/$(BUNDLE_EXECUTABLE_FOLDER_PATH)/BlinkReviewer";
			};
			name = Debug;
		};
		94D751162A31A798005859E7 /* Release */ = {
			isa = XCBuildConfiguration;
			buildSettings = {
				ALWAYS_EMBED_SWIFT_STANDARD_LIBRARIES = YES;
				BUNDLE_LOADER = "$(TEST_HOST)";
				CODE_SIGN_STYLE = Automatic;
				CURRENT_PROJECT_VERSION = 44;
				GENERATE_INFOPLIST_FILE = YES;
				MACOSX_DEPLOYMENT_TARGET = 13.3;
				MARKETING_VERSION = 1.0;
				PRODUCT_BUNDLE_IDENTIFIER = net.alexwlchan.BlinkReviewerTests;
				PRODUCT_NAME = "$(TARGET_NAME)";
				SWIFT_EMIT_LOC_STRINGS = NO;
				SWIFT_VERSION = 5.0;
				TEST_HOST = "$(BUILT_PRODUCTS_DIR)/BlinkReviewer.app/$(BUNDLE_EXECUTABLE_FOLDER_PATH)/BlinkReviewer";
			};
			name = Release;
		};
		94D751182A31A798005859E7 /* Debug */ = {
			isa = XCBuildConfiguration;
			buildSettings = {
				ALWAYS_EMBED_SWIFT_STANDARD_LIBRARIES = YES;
				CODE_SIGN_STYLE = Automatic;
				CURRENT_PROJECT_VERSION = 44;
				GENERATE_INFOPLIST_FILE = YES;
				MARKETING_VERSION = 1.0;
				PRODUCT_BUNDLE_IDENTIFIER = net.alexwlchan.BlinkReviewerUITests;
				PRODUCT_NAME = "$(TARGET_NAME)";
				SWIFT_EMIT_LOC_STRINGS = NO;
				SWIFT_VERSION = 5.0;
				TEST_TARGET_NAME = BlinkReviewer;
			};
			name = Debug;
		};
		94D751192A31A798005859E7 /* Release */ = {
			isa = XCBuildConfiguration;
			buildSettings = {
				ALWAYS_EMBED_SWIFT_STANDARD_LIBRARIES = YES;
				CODE_SIGN_STYLE = Automatic;
				CURRENT_PROJECT_VERSION = 44;
				GENERATE_INFOPLIST_FILE = YES;
				MARKETING_VERSION = 1.0;
				PRODUCT_BUNDLE_IDENTIFIER = net.alexwlchan.BlinkReviewerUITests;
				PRODUCT_NAME = "$(TARGET_NAME)";
				SWIFT_EMIT_LOC_STRINGS = NO;
				SWIFT_VERSION = 5.0;
				TEST_TARGET_NAME = BlinkReviewer;
			};
			name = Release;
		};
/* End XCBuildConfiguration section */

/* Begin XCConfigurationList section */
		94D750E72A31A796005859E7 /* Build configuration list for PBXProject "Blink" */ = {
			isa = XCConfigurationList;
			buildConfigurations = (
				94D7510F2A31A798005859E7 /* Debug */,
				94D751102A31A798005859E7 /* Release */,
			);
			defaultConfigurationIsVisible = 0;
			defaultConfigurationName = Release;
		};
		94D751112A31A798005859E7 /* Build configuration list for PBXNativeTarget "Blink" */ = {
			isa = XCConfigurationList;
			buildConfigurations = (
				94D751122A31A798005859E7 /* Debug */,
				94D751132A31A798005859E7 /* Release */,
			);
			defaultConfigurationIsVisible = 0;
			defaultConfigurationName = Release;
		};
		94D751142A31A798005859E7 /* Build configuration list for PBXNativeTarget "BlinkTests" */ = {
			isa = XCConfigurationList;
			buildConfigurations = (
				94D751152A31A798005859E7 /* Debug */,
				94D751162A31A798005859E7 /* Release */,
			);
			defaultConfigurationIsVisible = 0;
			defaultConfigurationName = Release;
		};
		94D751172A31A798005859E7 /* Build configuration list for PBXNativeTarget "BlinkUITests" */ = {
			isa = XCConfigurationList;
			buildConfigurations = (
				94D751182A31A798005859E7 /* Debug */,
				94D751192A31A798005859E7 /* Release */,
			);
			defaultConfigurationIsVisible = 0;
			defaultConfigurationName = Release;
		};
/* End XCConfigurationList section */

/* Begin XCRemoteSwiftPackageReference section */
		94FCD4F22A3A62A800D884A1 /* XCRemoteSwiftPackageReference "swift-collections" */ = {
			isa = XCRemoteSwiftPackageReference;
			repositoryURL = "https://github.com/apple/swift-collections.git";
			requirement = {
				kind = upToNextMajorVersion;
				minimumVersion = 1.0.0;
			};
		};
/* End XCRemoteSwiftPackageReference section */

/* Begin XCSwiftPackageProductDependency section */
		94FCD4F32A3A62A800D884A1 /* OrderedCollections */ = {
			isa = XCSwiftPackageProductDependency;
			package = 94FCD4F22A3A62A800D884A1 /* XCRemoteSwiftPackageReference "swift-collections" */;
			productName = OrderedCollections;
		};
/* End XCSwiftPackageProductDependency section */
	};
	rootObject = 94D750E42A31A796005859E7 /* Project object */;
}
